
Microsoft Visual Studio Solution File, Format Version 12.00
# Visual Studio Version 17
VisualStudioVersion = 17.5.002.0
MinimumVisualStudioVersion = 10.0.40219.1
Project("{9A19103F-16F7-4668-BE54-9A1E7A4F7556}") = "TodoApi", "TodoApi.csproj", "{B9A8FEBC-DB8C-4BA8-AB9F-EC4F7076552A}"
EndProject
Global
	GlobalSection(SolutionConfigurationPlatforms) = preSolution
		Debug|Any CPU = Debug|Any CPU
		Release|Any CPU = Release|Any CPU
	EndGlobalSection
	GlobalSection(ProjectConfigurationPlatforms) = postSolution
		{B9A8FEBC-DB8C-4BA8-AB9F-EC4F7076552A}.Debug|Any CPU.ActiveCfg = Debug|Any CPU
		{B9A8FEBC-DB8C-4BA8-AB9F-EC4F7076552A}.Debug|Any CPU.Build.0 = Debug|Any CPU
		{B9A8FEBC-DB8C-4BA8-AB9F-EC4F7076552A}.Release|Any CPU.ActiveCfg = Release|Any CPU
		{B9A8FEBC-DB8C-4BA8-AB9F-EC4F7076552A}.Release|Any CPU.Build.0 = Release|Any CPU
	EndGlobalSection
	GlobalSection(SolutionProperties) = preSolution
		HideSolutionNode = FALSE
	EndGlobalSection
	GlobalSection(ExtensibilityGlobals) = postSolution
		SolutionGuid = {84A81856-2D5A-4E48-81A3-D4BE5880F14E}
	EndGlobalSection
EndGlobal
